
Microsoft Visual Studio Solution File, Format Version 12.00
# Visual Studio Version 17
VisualStudioVersion = 17.8.34525.116
MinimumVisualStudioVersion = 10.0.40219.1
Project("{FAE04EC0-301F-11D3-BF4B-00C04F79EFBC}") = "TP01App", "TP01App\TP01App.csproj", "{62A78C14-120A-4FB5-AD07-EAC222B9957B}"
EndProject
Global
	GlobalSection(SolutionConfigurationPlatforms) = preSolution
		Debug|Any CPU = Debug|Any CPU
		Release|Any CPU = Release|Any CPU
	EndGlobalSection
	GlobalSection(ProjectConfigurationPlatforms) = postSolution
		{62A78C14-120A-4FB5-AD07-EAC222B9957B}.Debug|Any CPU.ActiveCfg = Debug|Any CPU
		{62A78C14-120A-4FB5-AD07-EAC222B9957B}.Debug|Any CPU.Build.0 = Debug|Any CPU
		{62A78C14-120A-4FB5-AD07-EAC222B9957B}.Release|Any CPU.ActiveCfg = Release|Any CPU
		{62A78C14-120A-4FB5-AD07-EAC222B9957B}.Release|Any CPU.Build.0 = Release|Any CPU
	EndGlobalSection
	GlobalSection(SolutionProperties) = preSolution
		HideSolutionNode = FALSE
	EndGlobalSection
	GlobalSection(ExtensibilityGlobals) = postSolution
		SolutionGuid = {7D5BF6A8-1B4C-4FE9-8466-B93E2FF70C46}
	EndGlobalSection
EndGlobal
